
Microsoft Visual Studio Solution File, Format Version 12.00
# Visual Studio Version 17
VisualStudioVersion = 17.14.36518.9 d17.14
MinimumVisualStudioVersion = 10.0.40219.1
Project("{FAE04EC0-301F-11D3-BF4B-00C04F79EFBC}") = "final lapse", "final lapse.csproj", "{79150160-3840-487B-82A1-878A7E3CA059}"
EndProject
Global
	GlobalSection(SolutionConfigurationPlatforms) = preSolution
		Debug|Any CPU = Debug|Any CPU
		Release|Any CPU = Release|Any CPU
	EndGlobalSection
	GlobalSection(ProjectConfigurationPlatforms) = postSolution
		{79150160-3840-487B-82A1-878A7E3CA059}.Debug|Any CPU.ActiveCfg = Debug|Any CPU
		{79150160-3840-487B-82A1-878A7E3CA059}.Debug|Any CPU.Build.0 = Debug|Any CPU
		{79150160-3840-487B-82A1-878A7E3CA059}.Release|Any CPU.ActiveCfg = Release|Any CPU
		{79150160-3840-487B-82A1-878A7E3CA059}.Release|Any CPU.Build.0 = Release|Any CPU
	EndGlobalSection
	GlobalSection(SolutionProperties) = preSolution
		HideSolutionNode = FALSE
	EndGlobalSection
	GlobalSection(ExtensibilityGlobals) = postSolution
		SolutionGuid = {4231E058-4B45-4AC2-886E-4C0ADE533C2F}
	EndGlobalSection
EndGlobal
